
Microsoft Visual Studio Solution File, Format Version 12.00
# Visual Studio Version 17
VisualStudioVersion = 17.7.34031.279
MinimumVisualStudioVersion = 10.0.40219.1
Project("{FAE04EC0-301F-11D3-BF4B-00C04F79EFBC}") = "SuperCoffeMachine", "SuperCoffeMachine.csproj", "{DDDB75DD-F8DE-4001-BE94-407B0CB152CF}"
EndProject
Global
	GlobalSection(SolutionConfigurationPlatforms) = preSolution
		Debug|Any CPU = Debug|Any CPU
		Release|Any CPU = Release|Any CPU
	EndGlobalSection
	GlobalSection(ProjectConfigurationPlatforms) = postSolution
		{DDDB75DD-F8DE-4001-BE94-407B0CB152CF}.Debug|Any CPU.ActiveCfg = Debug|Any CPU
		{DDDB75DD-F8DE-4001-BE94-407B0CB152CF}.Debug|Any CPU.Build.0 = Debug|Any CPU
		{DDDB75DD-F8DE-4001-BE94-407B0CB152CF}.Release|Any CPU.ActiveCfg = Release|Any CPU
		{DDDB75DD-F8DE-4001-BE94-407B0CB152CF}.Release|Any CPU.Build.0 = Release|Any CPU
	EndGlobalSection
	GlobalSection(SolutionProperties) = preSolution
		HideSolutionNode = FALSE
	EndGlobalSection
	GlobalSection(ExtensibilityGlobals) = postSolution
		SolutionGuid = {4FC924EC-E702-43F0-98F8-84721C2B02A2}
	EndGlobalSection
EndGlobal
